
Microsoft Visual Studio Solution File, Format Version 12.00
# Visual Studio Version 16
VisualStudioVersion = 16.0.29509.3
MinimumVisualStudioVersion = 10.0.40219.1
Project("{FAE04EC0-301F-11D3-BF4B-00C04F79EFBC}") = "VenderMachine", "VenderMachine\VenderMachine.csproj", "{F7F1DE95-0DDF-4789-8383-0ABA05B37989}"
EndProject
Global
	GlobalSection(SolutionConfigurationPlatforms) = preSolution
		Debug|Any CPU = Debug|Any CPU
		Release|Any CPU = Release|Any CPU
	EndGlobalSection
	GlobalSection(ProjectConfigurationPlatforms) = postSolution
		{F7F1DE95-0DDF-4789-8383-0ABA05B37989}.Debug|Any CPU.ActiveCfg = Debug|Any CPU
		{F7F1DE95-0DDF-4789-8383-0ABA05B37989}.Debug|Any CPU.Build.0 = Debug|Any CPU
		{F7F1DE95-0DDF-4789-8383-0ABA05B37989}.Release|Any CPU.ActiveCfg = Release|Any CPU
		{F7F1DE95-0DDF-4789-8383-0ABA05B37989}.Release|Any CPU.Build.0 = Release|Any CPU
	EndGlobalSection
	GlobalSection(SolutionProperties) = preSolution
		HideSolutionNode = FALSE
	EndGlobalSection
	GlobalSection(ExtensibilityGlobals) = postSolution
		SolutionGuid = {22B96813-CA45-4EC4-9CC4-0ADF95B81824}
	EndGlobalSection
EndGlobal
